
Microsoft Visual Studio Solution File, Format Version 12.00
# Visual Studio Version 17
VisualStudioVersion = 17.5.33414.496
MinimumVisualStudioVersion = 10.0.40219.1
Project("{9A19103F-16F7-4668-BE54-9A1E7A4F7556}") = "AVOne.Plugins.Template", "AVOne.Plugins.Template.csproj", "{74DDBD9D-1766-4D30-9885-9A088902A248}"
EndProject
Global
	GlobalSection(SolutionConfigurationPlatforms) = preSolution
		Debug|Any CPU = Debug|Any CPU
		Release|Any CPU = Release|Any CPU
	EndGlobalSection
	GlobalSection(ProjectConfigurationPlatforms) = postSolution
		{74DDBD9D-1766-4D30-9885-9A088902A248}.Debug|Any CPU.ActiveCfg = Debug|Any CPU
		{74DDBD9D-1766-4D30-9885-9A088902A248}.Debug|Any CPU.Build.0 = Debug|Any CPU
		{74DDBD9D-1766-4D30-9885-9A088902A248}.Release|Any CPU.ActiveCfg = Release|Any CPU
		{74DDBD9D-1766-4D30-9885-9A088902A248}.Release|Any CPU.Build.0 = Release|Any CPU
	EndGlobalSection
	GlobalSection(SolutionProperties) = preSolution
		HideSolutionNode = FALSE
	EndGlobalSection
	GlobalSection(ExtensibilityGlobals) = postSolution
		SolutionGuid = {51F31E86-CBA0-4541-9883-1F34C6F44638}
	EndGlobalSection
EndGlobal
