
Microsoft Visual Studio Solution File, Format Version 12.00
# Visual Studio Version 17
VisualStudioVersion = 17.0.31903.59
MinimumVisualStudioVersion = 10.0.40219.1
Project("{9A19103F-16F7-4668-BE54-9A1E7A4F7556}") = "AVOne.Core", "AVOne.Core\AVOne.Core.csproj", "{ADA56654-5005-43B1-B101-B26213DC9AB4}"
EndProject
Project("{2150E333-8FDC-42A3-9474-1A3956D46DE8}") = "解决方案项", "解决方案项", "{4F91797C-217C-4156-B5AA-E83841B2D630}"
	ProjectSection(SolutionItems) = preProject
		.editorconfig = .editorconfig
		common.props = common.props
		commontest.props = commontest.props
		Directory.Packages.props = Directory.Packages.props
	EndProjectSection
EndProject
Project("{9A19103F-16F7-4668-BE54-9A1E7A4F7556}") = "AVOne.Tool", "AVOne.Tool\AVOne.Tool.csproj", "{01919D4A-184C-4CD0-A800-0878124E7B4B}"
EndProject
Project("{9A19103F-16F7-4668-BE54-9A1E7A4F7556}") = "AVOne.Impl", "AVOne.Impl\AVOne.Impl.csproj", "{770D472A-98DF-484C-9BE9-1BB408CBED7A}"
EndProject
Project("{2150E333-8FDC-42A3-9474-1A3956D46DE8}") = "Test", "Test", "{6D61BD88-2E94-4CBC-B5A3-0B92A568DEE4}"
EndProject
Project("{9A19103F-16F7-4668-BE54-9A1E7A4F7556}") = "AVOne.Impl.Test", "Test\AVOne.Impl.Test\AVOne.Impl.Test.csproj", "{4B75F868-E791-43C9-AE32-68E592153CB9}"
EndProject
Project("{9A19103F-16F7-4668-BE54-9A1E7A4F7556}") = "AVOne.Providers.Jellyfin", "AVOne.Providers.Jellyfin\AVOne.Providers.Jellyfin.csproj", "{8085E49D-081A-45E8-8B3F-DD77571DC653}"
EndProject
Project("{9A19103F-16F7-4668-BE54-9A1E7A4F7556}") = "AVOne.Providers.Official", "AVOne.Providers.Official\AVOne.Providers.Official.csproj", "{0217F8F3-529A-40E0-ACC2-FC74636FE81B}"
EndProject
Project("{9A19103F-16F7-4668-BE54-9A1E7A4F7556}") = "AVOne.Providers.Jellyfin.Tests", "Test\AVOne.Providers.Jellyfin.Tests\AVOne.Providers.Jellyfin.Tests.csproj", "{1495839E-F4D0-4D54-A13C-60F1EEDFF9D8}"
EndProject
Project("{9A19103F-16F7-4668-BE54-9A1E7A4F7556}") = "AVOne.Providers.Official.Tests", "Test\AVOne.Providers.Official.Tests\AVOne.Providers.Official.Tests.csproj", "{190D4A84-756F-484C-B1DA-49535F7FAC99}"
EndProject
Project("{9A19103F-16F7-4668-BE54-9A1E7A4F7556}") = "AVOne.Test.Base", "Test\AVOne.Test.Base\AVOne.Test.Base.csproj", "{909D90AD-A326-4DDD-8392-EB4F374751C5}"
EndProject
Project("{9A19103F-16F7-4668-BE54-9A1E7A4F7556}") = "AVOne.Common", "AVOne.Common\AVOne.Common.csproj", "{80E706D4-BFEE-4A4F-AC59-E1DFEE91C3B4}"
EndProject
Project("{2150E333-8FDC-42A3-9474-1A3956D46DE8}") = "Providers", "Providers", "{C1A3C964-84A7-4486-B157-7D8010192F75}"
EndProject
Project("{9A19103F-16F7-4668-BE54-9A1E7A4F7556}") = "AVOne.Api", "AVOne.Api\AVOne.Api.csproj", "{7B234718-14C7-45FA-AAF8-201604E8B7DD}"
EndProject
Project("{9A19103F-16F7-4668-BE54-9A1E7A4F7556}") = "AVOne.Server", "AVOne.Server\AVOne.Server.csproj", "{9E03B4AF-7A4A-486B-B860-736AB1A88DFF}"
EndProject
Global
	GlobalSection(SolutionConfigurationPlatforms) = preSolution
		Debug|Any CPU = Debug|Any CPU
		Release|Any CPU = Release|Any CPU
	EndGlobalSection
	GlobalSection(ProjectConfigurationPlatforms) = postSolution
		{ADA56654-5005-43B1-B101-B26213DC9AB4}.Debug|Any CPU.ActiveCfg = Debug|Any CPU
		{ADA56654-5005-43B1-B101-B26213DC9AB4}.Debug|Any CPU.Build.0 = Debug|Any CPU
		{ADA56654-5005-43B1-B101-B26213DC9AB4}.Release|Any CPU.ActiveCfg = Release|Any CPU
		{ADA56654-5005-43B1-B101-B26213DC9AB4}.Release|Any CPU.Build.0 = Release|Any CPU
		{01919D4A-184C-4CD0-A800-0878124E7B4B}.Debug|Any CPU.ActiveCfg = Debug|Any CPU
		{01919D4A-184C-4CD0-A800-0878124E7B4B}.Debug|Any CPU.Build.0 = Debug|Any CPU
		{01919D4A-184C-4CD0-A800-0878124E7B4B}.Release|Any CPU.ActiveCfg = Release|Any CPU
		{01919D4A-184C-4CD0-A800-0878124E7B4B}.Release|Any CPU.Build.0 = Release|Any CPU
		{770D472A-98DF-484C-9BE9-1BB408CBED7A}.Debug|Any CPU.ActiveCfg = Debug|Any CPU
		{770D472A-98DF-484C-9BE9-1BB408CBED7A}.Debug|Any CPU.Build.0 = Debug|Any CPU
		{770D472A-98DF-484C-9BE9-1BB408CBED7A}.Release|Any CPU.ActiveCfg = Release|Any CPU
		{770D472A-98DF-484C-9BE9-1BB408CBED7A}.Release|Any CPU.Build.0 = Release|Any CPU
		{4B75F868-E791-43C9-AE32-68E592153CB9}.Debug|Any CPU.ActiveCfg = Debug|Any CPU
		{4B75F868-E791-43C9-AE32-68E592153CB9}.Debug|Any CPU.Build.0 = Debug|Any CPU
		{4B75F868-E791-43C9-AE32-68E592153CB9}.Release|Any CPU.ActiveCfg = Release|Any CPU
		{4B75F868-E791-43C9-AE32-68E592153CB9}.Release|Any CPU.Build.0 = Release|Any CPU
		{8085E49D-081A-45E8-8B3F-DD77571DC653}.Debug|Any CPU.ActiveCfg = Debug|Any CPU
		{8085E49D-081A-45E8-8B3F-DD77571DC653}.Debug|Any CPU.Build.0 = Debug|Any CPU
		{8085E49D-081A-45E8-8B3F-DD77571DC653}.Release|Any CPU.ActiveCfg = Release|Any CPU
		{8085E49D-081A-45E8-8B3F-DD77571DC653}.Release|Any CPU.Build.0 = Release|Any CPU
		{0217F8F3-529A-40E0-ACC2-FC74636FE81B}.Debug|Any CPU.ActiveCfg = Debug|Any CPU
		{0217F8F3-529A-40E0-ACC2-FC74636FE81B}.Debug|Any CPU.Build.0 = Debug|Any CPU
		{0217F8F3-529A-40E0-ACC2-FC74636FE81B}.Release|Any CPU.ActiveCfg = Release|Any CPU
		{0217F8F3-529A-40E0-ACC2-FC74636FE81B}.Release|Any CPU.Build.0 = Release|Any CPU
		{1495839E-F4D0-4D54-A13C-60F1EEDFF9D8}.Debug|Any CPU.ActiveCfg = Debug|Any CPU
		{1495839E-F4D0-4D54-A13C-60F1EEDFF9D8}.Debug|Any CPU.Build.0 = Debug|Any CPU
		{1495839E-F4D0-4D54-A13C-60F1EEDFF9D8}.Release|Any CPU.ActiveCfg = Release|Any CPU
		{1495839E-F4D0-4D54-A13C-60F1EEDFF9D8}.Release|Any CPU.Build.0 = Release|Any CPU
		{190D4A84-756F-484C-B1DA-49535F7FAC99}.Debug|Any CPU.ActiveCfg = Debug|Any CPU
		{190D4A84-756F-484C-B1DA-49535F7FAC99}.Debug|Any CPU.Build.0 = Debug|Any CPU
		{190D4A84-756F-484C-B1DA-49535F7FAC99}.Release|Any CPU.ActiveCfg = Release|Any CPU
		{190D4A84-756F-484C-B1DA-49535F7FAC99}.Release|Any CPU.Build.0 = Release|Any CPU
		{909D90AD-A326-4DDD-8392-EB4F374751C5}.Debug|Any CPU.ActiveCfg = Debug|Any CPU
		{909D90AD-A326-4DDD-8392-EB4F374751C5}.Debug|Any CPU.Build.0 = Debug|Any CPU
		{909D90AD-A326-4DDD-8392-EB4F374751C5}.Release|Any CPU.ActiveCfg = Release|Any CPU
		{909D90AD-A326-4DDD-8392-EB4F374751C5}.Release|Any CPU.Build.0 = Release|Any CPU
		{80E706D4-BFEE-4A4F-AC59-E1DFEE91C3B4}.Debug|Any CPU.ActiveCfg = Debug|Any CPU
		{80E706D4-BFEE-4A4F-AC59-E1DFEE91C3B4}.Debug|Any CPU.Build.0 = Debug|Any CPU
		{80E706D4-BFEE-4A4F-AC59-E1DFEE91C3B4}.Release|Any CPU.ActiveCfg = Release|Any CPU
		{80E706D4-BFEE-4A4F-AC59-E1DFEE91C3B4}.Release|Any CPU.Build.0 = Release|Any CPU
		{7B234718-14C7-45FA-AAF8-201604E8B7DD}.Debug|Any CPU.ActiveCfg = Debug|Any CPU
		{7B234718-14C7-45FA-AAF8-201604E8B7DD}.Debug|Any CPU.Build.0 = Debug|Any CPU
		{7B234718-14C7-45FA-AAF8-201604E8B7DD}.Release|Any CPU.ActiveCfg = Release|Any CPU
		{7B234718-14C7-45FA-AAF8-201604E8B7DD}.Release|Any CPU.Build.0 = Release|Any CPU
		{9E03B4AF-7A4A-486B-B860-736AB1A88DFF}.Debug|Any CPU.ActiveCfg = Debug|Any CPU
		{9E03B4AF-7A4A-486B-B860-736AB1A88DFF}.Debug|Any CPU.Build.0 = Debug|Any CPU
		{9E03B4AF-7A4A-486B-B860-736AB1A88DFF}.Release|Any CPU.ActiveCfg = Release|Any CPU
		{9E03B4AF-7A4A-486B-B860-736AB1A88DFF}.Release|Any CPU.Build.0 = Release|Any CPU
	EndGlobalSection
	GlobalSection(SolutionProperties) = preSolution
		HideSolutionNode = FALSE
	EndGlobalSection
	GlobalSection(NestedProjects) = preSolution
		{4B75F868-E791-43C9-AE32-68E592153CB9} = {6D61BD88-2E94-4CBC-B5A3-0B92A568DEE4}
		{8085E49D-081A-45E8-8B3F-DD77571DC653} = {C1A3C964-84A7-4486-B157-7D8010192F75}
		{0217F8F3-529A-40E0-ACC2-FC74636FE81B} = {C1A3C964-84A7-4486-B157-7D8010192F75}
		{1495839E-F4D0-4D54-A13C-60F1EEDFF9D8} = {6D61BD88-2E94-4CBC-B5A3-0B92A568DEE4}
		{190D4A84-756F-484C-B1DA-49535F7FAC99} = {6D61BD88-2E94-4CBC-B5A3-0B92A568DEE4}
		{909D90AD-A326-4DDD-8392-EB4F374751C5} = {6D61BD88-2E94-4CBC-B5A3-0B92A568DEE4}
	EndGlobalSection
	GlobalSection(ExtensibilityGlobals) = postSolution
		SolutionGuid = {69A36C94-E8E0-45BA-8466-5D04300F3F27}
	EndGlobalSection
EndGlobal
