
Microsoft Visual Studio Solution File, Format Version 12.00
# Visual Studio Version 17
VisualStudioVersion = 17.4.33213.308
MinimumVisualStudioVersion = 10.0.40219.1
Project("{9A19103F-16F7-4668-BE54-9A1E7A4F7556}") = "AVOne.Application", "AVOne.Application\AVOne.Application.csproj", "{AB699EE9-43A8-46F2-A855-04A26DE63372}"
EndProject
Project("{9A19103F-16F7-4668-BE54-9A1E7A4F7556}") = "AVOne.EntityFramework.Core", "AVOne.EntityFramework.Core\AVOne.EntityFramework.Core.csproj", "{4BD77E5C-138D-4F2D-B709-F9020F306AF3}"
EndProject
Project("{9A19103F-16F7-4668-BE54-9A1E7A4F7556}") = "AVOne.Web.Core", "AVOne.Web.Core\AVOne.Web.Core.csproj", "{9D14BB78-DA2A-4040-B9DB-5A515B599181}"
EndProject
Project("{9A19103F-16F7-4668-BE54-9A1E7A4F7556}") = "AVOne.Core", "AVOne.Core\AVOne.Core.csproj", "{4FB30091-15C7-4FD9-AB7D-266814F360F5}"
EndProject
Project("{9A19103F-16F7-4668-BE54-9A1E7A4F7556}") = "AVOne.Database.Migrations", "AVOne.Database.Migrations\AVOne.Database.Migrations.csproj", "{EA769D36-9D55-47A6-945F-1687EA95179F}"
EndProject
Project("{9A19103F-16F7-4668-BE54-9A1E7A4F7556}") = "AVOne.Web.Entry", "AVOne.Web.Entry\AVOne.Web.Entry.csproj", "{249004A0-7A15-4DAD-A9F8-E48F0ABBC7F9}"
EndProject
Project("{2150E333-8FDC-42A3-9474-1A3956D46DE8}") = "Solution Items", "Solution Items", "{F89A5652-0FB5-4345-AA85-6B3845F46A69}"
	ProjectSection(SolutionItems) = preProject
		.editorconfig = .editorconfig
		common.props = common.props
		commontest.props = commontest.props
	EndProjectSection
EndProject
Project("{9A19103F-16F7-4668-BE54-9A1E7A4F7556}") = "MediaBrowser.Model", "..\jellyfin\MediaBrowser.Model\MediaBrowser.Model.csproj", "{7EEEB4BB-F3E8-48FC-B4C5-70F0FFF8329B}"
EndProject
Project("{2150E333-8FDC-42A3-9474-1A3956D46DE8}") = "jellyfin", "jellyfin", "{D15B0B49-2B51-4169-BABC-8BAE494B7EC1}"
EndProject
Project("{9A19103F-16F7-4668-BE54-9A1E7A4F7556}") = "Jellyfin.Data", "..\jellyfin\Jellyfin.Data\Jellyfin.Data.csproj", "{1B58C12C-DDA2-4152-AC73-E45133FE9C32}"
EndProject
Project("{9A19103F-16F7-4668-BE54-9A1E7A4F7556}") = "Jellyfin.Extensions", "..\jellyfin\src\Jellyfin.Extensions\Jellyfin.Extensions.csproj", "{01DDB78D-3DC2-4743-8664-04D1C3558BD2}"
EndProject
Project("{9A19103F-16F7-4668-BE54-9A1E7A4F7556}") = "MediaBrowser.Controller", "..\jellyfin\MediaBrowser.Controller\MediaBrowser.Controller.csproj", "{17E1F4E6-8ABD-4FE5-9ECF-43D4B6087BA2}"
EndProject
Project("{9A19103F-16F7-4668-BE54-9A1E7A4F7556}") = "Emby.Naming", "..\jellyfin\Emby.Naming\Emby.Naming.csproj", "{E5AF7B26-2239-4CE0-B477-0AA2018EDAA2}"
EndProject
Project("{9A19103F-16F7-4668-BE54-9A1E7A4F7556}") = "MediaBrowser.Common", "..\jellyfin\MediaBrowser.Common\MediaBrowser.Common.csproj", "{9142EEFA-7570-41E1-BFCC-468BB571AF2F}"
EndProject
Project("{FAE04EC0-301F-11D3-BF4B-00C04F79EFBC}") = "AVOne.Impl", "AVOne.Impl\AVOne.Impl.csproj", "{6EA64619-B1D1-4382-87CD-908BE53C488C}"
EndProject
Project("{9A19103F-16F7-4668-BE54-9A1E7A4F7556}") = "MediaBrowser.Providers", "..\jellyfin\MediaBrowser.Providers\MediaBrowser.Providers.csproj", "{442B5058-DCAF-4263-BB6A-F21E31120A1B}"
EndProject
Project("{9A19103F-16F7-4668-BE54-9A1E7A4F7556}") = "MediaBrowser.LocalMetadata", "..\jellyfin\MediaBrowser.LocalMetadata\MediaBrowser.LocalMetadata.csproj", "{7EF9F3E0-697D-42F3-A08F-19DEB5F84392}"
EndProject
Global
	GlobalSection(SolutionConfigurationPlatforms) = preSolution
		Debug|Any CPU = Debug|Any CPU
		Release|Any CPU = Release|Any CPU
	EndGlobalSection
	GlobalSection(ProjectConfigurationPlatforms) = postSolution
		{AB699EE9-43A8-46F2-A855-04A26DE63372}.Debug|Any CPU.ActiveCfg = Debug|Any CPU
		{AB699EE9-43A8-46F2-A855-04A26DE63372}.Debug|Any CPU.Build.0 = Debug|Any CPU
		{AB699EE9-43A8-46F2-A855-04A26DE63372}.Release|Any CPU.ActiveCfg = Release|Any CPU
		{AB699EE9-43A8-46F2-A855-04A26DE63372}.Release|Any CPU.Build.0 = Release|Any CPU
		{4BD77E5C-138D-4F2D-B709-F9020F306AF3}.Debug|Any CPU.ActiveCfg = Debug|Any CPU
		{4BD77E5C-138D-4F2D-B709-F9020F306AF3}.Debug|Any CPU.Build.0 = Debug|Any CPU
		{4BD77E5C-138D-4F2D-B709-F9020F306AF3}.Release|Any CPU.ActiveCfg = Release|Any CPU
		{4BD77E5C-138D-4F2D-B709-F9020F306AF3}.Release|Any CPU.Build.0 = Release|Any CPU
		{9D14BB78-DA2A-4040-B9DB-5A515B599181}.Debug|Any CPU.ActiveCfg = Debug|Any CPU
		{9D14BB78-DA2A-4040-B9DB-5A515B599181}.Debug|Any CPU.Build.0 = Debug|Any CPU
		{9D14BB78-DA2A-4040-B9DB-5A515B599181}.Release|Any CPU.ActiveCfg = Release|Any CPU
		{9D14BB78-DA2A-4040-B9DB-5A515B599181}.Release|Any CPU.Build.0 = Release|Any CPU
		{4FB30091-15C7-4FD9-AB7D-266814F360F5}.Debug|Any CPU.ActiveCfg = Debug|Any CPU
		{4FB30091-15C7-4FD9-AB7D-266814F360F5}.Debug|Any CPU.Build.0 = Debug|Any CPU
		{4FB30091-15C7-4FD9-AB7D-266814F360F5}.Release|Any CPU.ActiveCfg = Release|Any CPU
		{4FB30091-15C7-4FD9-AB7D-266814F360F5}.Release|Any CPU.Build.0 = Release|Any CPU
		{EA769D36-9D55-47A6-945F-1687EA95179F}.Debug|Any CPU.ActiveCfg = Debug|Any CPU
		{EA769D36-9D55-47A6-945F-1687EA95179F}.Debug|Any CPU.Build.0 = Debug|Any CPU
		{EA769D36-9D55-47A6-945F-1687EA95179F}.Release|Any CPU.ActiveCfg = Release|Any CPU
		{EA769D36-9D55-47A6-945F-1687EA95179F}.Release|Any CPU.Build.0 = Release|Any CPU
		{249004A0-7A15-4DAD-A9F8-E48F0ABBC7F9}.Debug|Any CPU.ActiveCfg = Debug|Any CPU
		{249004A0-7A15-4DAD-A9F8-E48F0ABBC7F9}.Debug|Any CPU.Build.0 = Debug|Any CPU
		{249004A0-7A15-4DAD-A9F8-E48F0ABBC7F9}.Release|Any CPU.ActiveCfg = Release|Any CPU
		{249004A0-7A15-4DAD-A9F8-E48F0ABBC7F9}.Release|Any CPU.Build.0 = Release|Any CPU
		{7EEEB4BB-F3E8-48FC-B4C5-70F0FFF8329B}.Debug|Any CPU.ActiveCfg = Debug|Any CPU
		{7EEEB4BB-F3E8-48FC-B4C5-70F0FFF8329B}.Debug|Any CPU.Build.0 = Debug|Any CPU
		{7EEEB4BB-F3E8-48FC-B4C5-70F0FFF8329B}.Release|Any CPU.ActiveCfg = Release|Any CPU
		{7EEEB4BB-F3E8-48FC-B4C5-70F0FFF8329B}.Release|Any CPU.Build.0 = Release|Any CPU
		{1B58C12C-DDA2-4152-AC73-E45133FE9C32}.Debug|Any CPU.ActiveCfg = Debug|Any CPU
		{1B58C12C-DDA2-4152-AC73-E45133FE9C32}.Debug|Any CPU.Build.0 = Debug|Any CPU
		{1B58C12C-DDA2-4152-AC73-E45133FE9C32}.Release|Any CPU.ActiveCfg = Release|Any CPU
		{1B58C12C-DDA2-4152-AC73-E45133FE9C32}.Release|Any CPU.Build.0 = Release|Any CPU
		{01DDB78D-3DC2-4743-8664-04D1C3558BD2}.Debug|Any CPU.ActiveCfg = Debug|Any CPU
		{01DDB78D-3DC2-4743-8664-04D1C3558BD2}.Debug|Any CPU.Build.0 = Debug|Any CPU
		{01DDB78D-3DC2-4743-8664-04D1C3558BD2}.Release|Any CPU.ActiveCfg = Release|Any CPU
		{01DDB78D-3DC2-4743-8664-04D1C3558BD2}.Release|Any CPU.Build.0 = Release|Any CPU
		{17E1F4E6-8ABD-4FE5-9ECF-43D4B6087BA2}.Debug|Any CPU.ActiveCfg = Debug|Any CPU
		{17E1F4E6-8ABD-4FE5-9ECF-43D4B6087BA2}.Debug|Any CPU.Build.0 = Debug|Any CPU
		{17E1F4E6-8ABD-4FE5-9ECF-43D4B6087BA2}.Release|Any CPU.ActiveCfg = Release|Any CPU
		{17E1F4E6-8ABD-4FE5-9ECF-43D4B6087BA2}.Release|Any CPU.Build.0 = Release|Any CPU
		{E5AF7B26-2239-4CE0-B477-0AA2018EDAA2}.Debug|Any CPU.ActiveCfg = Debug|Any CPU
		{E5AF7B26-2239-4CE0-B477-0AA2018EDAA2}.Debug|Any CPU.Build.0 = Debug|Any CPU
		{E5AF7B26-2239-4CE0-B477-0AA2018EDAA2}.Release|Any CPU.ActiveCfg = Release|Any CPU
		{E5AF7B26-2239-4CE0-B477-0AA2018EDAA2}.Release|Any CPU.Build.0 = Release|Any CPU
		{9142EEFA-7570-41E1-BFCC-468BB571AF2F}.Debug|Any CPU.ActiveCfg = Debug|Any CPU
		{9142EEFA-7570-41E1-BFCC-468BB571AF2F}.Debug|Any CPU.Build.0 = Debug|Any CPU
		{9142EEFA-7570-41E1-BFCC-468BB571AF2F}.Release|Any CPU.ActiveCfg = Release|Any CPU
		{9142EEFA-7570-41E1-BFCC-468BB571AF2F}.Release|Any CPU.Build.0 = Release|Any CPU
		{6EA64619-B1D1-4382-87CD-908BE53C488C}.Debug|Any CPU.ActiveCfg = Debug|Any CPU
		{6EA64619-B1D1-4382-87CD-908BE53C488C}.Debug|Any CPU.Build.0 = Debug|Any CPU
		{6EA64619-B1D1-4382-87CD-908BE53C488C}.Release|Any CPU.ActiveCfg = Release|Any CPU
		{6EA64619-B1D1-4382-87CD-908BE53C488C}.Release|Any CPU.Build.0 = Release|Any CPU
		{442B5058-DCAF-4263-BB6A-F21E31120A1B}.Debug|Any CPU.ActiveCfg = Debug|Any CPU
		{442B5058-DCAF-4263-BB6A-F21E31120A1B}.Debug|Any CPU.Build.0 = Debug|Any CPU
		{442B5058-DCAF-4263-BB6A-F21E31120A1B}.Release|Any CPU.ActiveCfg = Release|Any CPU
		{442B5058-DCAF-4263-BB6A-F21E31120A1B}.Release|Any CPU.Build.0 = Release|Any CPU
		{7EF9F3E0-697D-42F3-A08F-19DEB5F84392}.Debug|Any CPU.ActiveCfg = Debug|Any CPU
		{7EF9F3E0-697D-42F3-A08F-19DEB5F84392}.Debug|Any CPU.Build.0 = Debug|Any CPU
		{7EF9F3E0-697D-42F3-A08F-19DEB5F84392}.Release|Any CPU.ActiveCfg = Release|Any CPU
		{7EF9F3E0-697D-42F3-A08F-19DEB5F84392}.Release|Any CPU.Build.0 = Release|Any CPU
	EndGlobalSection
	GlobalSection(SolutionProperties) = preSolution
		HideSolutionNode = FALSE
	EndGlobalSection
	GlobalSection(NestedProjects) = preSolution
		{7EEEB4BB-F3E8-48FC-B4C5-70F0FFF8329B} = {D15B0B49-2B51-4169-BABC-8BAE494B7EC1}
		{1B58C12C-DDA2-4152-AC73-E45133FE9C32} = {D15B0B49-2B51-4169-BABC-8BAE494B7EC1}
		{01DDB78D-3DC2-4743-8664-04D1C3558BD2} = {D15B0B49-2B51-4169-BABC-8BAE494B7EC1}
		{17E1F4E6-8ABD-4FE5-9ECF-43D4B6087BA2} = {D15B0B49-2B51-4169-BABC-8BAE494B7EC1}
		{E5AF7B26-2239-4CE0-B477-0AA2018EDAA2} = {D15B0B49-2B51-4169-BABC-8BAE494B7EC1}
		{9142EEFA-7570-41E1-BFCC-468BB571AF2F} = {D15B0B49-2B51-4169-BABC-8BAE494B7EC1}
		{442B5058-DCAF-4263-BB6A-F21E31120A1B} = {D15B0B49-2B51-4169-BABC-8BAE494B7EC1}
		{7EF9F3E0-697D-42F3-A08F-19DEB5F84392} = {D15B0B49-2B51-4169-BABC-8BAE494B7EC1}
	EndGlobalSection
	GlobalSection(ExtensibilityGlobals) = postSolution
		SolutionGuid = {B2073C2C-0FD3-452B-8047-8134D68E12CE}
	EndGlobalSection
EndGlobal
